// !$*UTF8*$!
{
	archiveVersion = 1;
	classes = {
	};
	objectVersion = 51;
	objects = {

/* Begin PBXBuildFile section */
		37BDE9FBBD482218D8EB1426 /* Pods_Ghost_for_MacTests.framework in Frameworks */ = {isa = PBXBuildFile; fileRef = CFC917E76DE41586BDC2EF2B /* Pods_Ghost_for_MacTests.framework */; };
		552365B44D482F3140614903 /* Pods_Ghost_for_Mac.framework in Frameworks */ = {isa = PBXBuildFile; fileRef = 45A0A08BD7191287F1043593 /* Pods_Ghost_for_Mac.framework */; };
		EF14EE0626CFEDBB00EBE556 /* ConferenceData.swift in Sources */ = {isa = PBXBuildFile; fileRef = EF14EE0526CFEDBB00EBE556 /* ConferenceData.swift */; };
		EF2435C626C060080041EAA7 /* DetailsView.swift in Sources */ = {isa = PBXBuildFile; fileRef = EF2435C526C060080041EAA7 /* DetailsView.swift */; };
		EF2BDD0126B040A8001B664C /* NSTableView+removeBg.swift in Sources */ = {isa = PBXBuildFile; fileRef = EF2BDD0026B040A8001B664C /* NSTableView+removeBg.swift */; };
		EF3D5C5C26978A4700FAD83A /* HomeScreen.swift in Sources */ = {isa = PBXBuildFile; fileRef = EF3D5C5B26978A4700FAD83A /* HomeScreen.swift */; };
		EFA30352243E319400240728 /* rndImageView.swift in Sources */ = {isa = PBXBuildFile; fileRef = EFA30351243E319400240728 /* rndImageView.swift */; };
		EFA4A1AC26B5DB0C00143A2A /* EventView.swift in Sources */ = {isa = PBXBuildFile; fileRef = EFA4A1AB26B5DB0C00143A2A /* EventView.swift */; };
		EFA4A1AE26B5DC6700143A2A /* LoginView.swift in Sources */ = {isa = PBXBuildFile; fileRef = EFA4A1AD26B5DC6700143A2A /* LoginView.swift */; };
		EFA4A1B026B5DD2500143A2A /* TopView.swift in Sources */ = {isa = PBXBuildFile; fileRef = EFA4A1AF26B5DD2500143A2A /* TopView.swift */; };
		EFA4A1B226B5DE1F00143A2A /* KanbanView.swift in Sources */ = {isa = PBXBuildFile; fileRef = EFA4A1B126B5DE1F00143A2A /* KanbanView.swift */; };
		EFA4A1B626B5F8E600143A2A /* VerticalScrollingFixHostingView.swift in Sources */ = {isa = PBXBuildFile; fileRef = EFA4A1B526B5F8E600143A2A /* VerticalScrollingFixHostingView.swift */; };
		EFA4A1BD26B7680100143A2A /* Date+alldays.swift in Sources */ = {isa = PBXBuildFile; fileRef = EFA4A1BC26B7680100143A2A /* Date+alldays.swift */; };
		EFA4A1BF26B7682A00143A2A /* MonthView.swift in Sources */ = {isa = PBXBuildFile; fileRef = EFA4A1BE26B7682A00143A2A /* MonthView.swift */; };
		EFA4A1C126B7F34700143A2A /* GhostDate.swift in Sources */ = {isa = PBXBuildFile; fileRef = EFA4A1C026B7F34700143A2A /* GhostDate.swift */; };
		EFA4A1C326B8242200143A2A /* View+Border.swift in Sources */ = {isa = PBXBuildFile; fileRef = EFA4A1C226B8242200143A2A /* View+Border.swift */; };
		EFAA583C26E419FC00C21B02 /* EventColor.swift in Sources */ = {isa = PBXBuildFile; fileRef = EFAA583B26E419FC00C21B02 /* EventColor.swift */; };
		EFAA583E26E430A200C21B02 /* OldEventView.swift in Sources */ = {isa = PBXBuildFile; fileRef = EFAA583D26E430A200C21B02 /* OldEventView.swift */; };
		EFAA584726E5287E00C21B02 /* ConferenceView.swift in Sources */ = {isa = PBXBuildFile; fileRef = EFAA584626E5287E00C21B02 /* ConferenceView.swift */; };
		EFB99FC3242832B0005B38E5 /* EventItem.swift in Sources */ = {isa = PBXBuildFile; fileRef = EFB99FC1242832B0005B38E5 /* EventItem.swift */; };
		EFB99FC4242832B0005B38E5 /* EventItem.xib in Resources */ = {isa = PBXBuildFile; fileRef = EFB99FC2242832B0005B38E5 /* EventItem.xib */; };
		EFB99FC6242A63C1005B38E5 /* AppConstants.swift in Sources */ = {isa = PBXBuildFile; fileRef = EFB99FC5242A63C1005B38E5 /* AppConstants.swift */; };
		EFB99FC8242A6A53005B38E5 /* Store.swift in Sources */ = {isa = PBXBuildFile; fileRef = EFB99FC7242A6A53005B38E5 /* Store.swift */; };
		EFB99FCB242A7AB6005B38E5 /* BaseViewController.swift in Sources */ = {isa = PBXBuildFile; fileRef = EFB99FCA242A7AB6005B38E5 /* BaseViewController.swift */; };
		EFC465BC26ACA89A0040DC9B /* AuthViewModel.swift in Sources */ = {isa = PBXBuildFile; fileRef = EFC465BB26ACA89A0040DC9B /* AuthViewModel.swift */; };
		EFC465BE26ACA9260040DC9B /* BaseViewModel.swift in Sources */ = {isa = PBXBuildFile; fileRef = EFC465BD26ACA9260040DC9B /* BaseViewModel.swift */; };
		EFC465C026AD685C0040DC9B /* GoogleCalendar.swift in Sources */ = {isa = PBXBuildFile; fileRef = EFC465BF26AD685C0040DC9B /* GoogleCalendar.swift */; };
		EFC465C226ADF6AA0040DC9B /* NSColor+Random.swift in Sources */ = {isa = PBXBuildFile; fileRef = EFC465C126ADF6AA0040DC9B /* NSColor+Random.swift */; };
		EFC465C426AE13560040DC9B /* EventsViewModel.swift in Sources */ = {isa = PBXBuildFile; fileRef = EFC465C326AE13560040DC9B /* EventsViewModel.swift */; };
		EFC6F0C226B95B91001299D2 /* GeneralSettingsView.swift in Sources */ = {isa = PBXBuildFile; fileRef = EFC6F0C126B95B91001299D2 /* GeneralSettingsView.swift */; };
		EFC6F0C426B96281001299D2 /* AccountsSettingsView.swift in Sources */ = {isa = PBXBuildFile; fileRef = EFC6F0C326B96281001299D2 /* AccountsSettingsView.swift */; };
		EFC6F0C626B962D6001299D2 /* Preferences+Pane.swift in Sources */ = {isa = PBXBuildFile; fileRef = EFC6F0C526B962D6001299D2 /* Preferences+Pane.swift */; };
		EFCF018C26AB902A00AFA6D6 /* DateHelper.swift in Sources */ = {isa = PBXBuildFile; fileRef = EFCF018B26AB902A00AFA6D6 /* DateHelper.swift */; };
		EFD5C50826BC330D009B225D /* StatsViewModel.swift in Sources */ = {isa = PBXBuildFile; fileRef = EFD5C50726BC330D009B225D /* StatsViewModel.swift */; };
		EFD5C50A26BC7E12009B225D /* RescueTimeService.swift in Sources */ = {isa = PBXBuildFile; fileRef = EFD5C50926BC7E12009B225D /* RescueTimeService.swift */; };
		EFEC86B726C836530010726E /* LoadingIndicator.swift in Sources */ = {isa = PBXBuildFile; fileRef = EFEC86B626C836530010726E /* LoadingIndicator.swift */; };
		EFEC86BA26C8591C0010726E /* AddScheduleButtonView.swift in Sources */ = {isa = PBXBuildFile; fileRef = EFEC86B926C8591C0010726E /* AddScheduleButtonView.swift */; };
		EFEC86BC26C859B20010726E /* IndicatorView.swift in Sources */ = {isa = PBXBuildFile; fileRef = EFEC86BB26C859B20010726E /* IndicatorView.swift */; };
		EFEC86BE26C861CC0010726E /* KanbanHeaderView.swift in Sources */ = {isa = PBXBuildFile; fileRef = EFEC86BD26C861CC0010726E /* KanbanHeaderView.swift */; };
		EFEC86C126C876060010726E /* String+htmlString.swift in Sources */ = {isa = PBXBuildFile; fileRef = EFEC86C026C876060010726E /* String+htmlString.swift */; };
		EFEC86C326C886C50010726E /* MultilineTextfield.swift in Sources */ = {isa = PBXBuildFile; fileRef = EFEC86C226C886C50010726E /* MultilineTextfield.swift */; };
		EFEC86C526C88C8E0010726E /* EditableMultilineField.swift in Sources */ = {isa = PBXBuildFile; fileRef = EFEC86C426C88C8E0010726E /* EditableMultilineField.swift */; };
		EFEC86C726CAF7140010726E /* DatesArranger.swift in Sources */ = {isa = PBXBuildFile; fileRef = EFEC86C626CAF7140010726E /* DatesArranger.swift */; };
		EFEC86C926CB08CE0010726E /* EventsInWeek.swift in Sources */ = {isa = PBXBuildFile; fileRef = EFEC86C826CB08CE0010726E /* EventsInWeek.swift */; };
		EFF4104424023C9100D01DF8 /* BgNSView.swift in Sources */ = {isa = PBXBuildFile; fileRef = EFF4104324023C9100D01DF8 /* BgNSView.swift */; };
		EFF410462402421500D01DF8 /* MainWindowViewController.swift in Sources */ = {isa = PBXBuildFile; fileRef = EFF410452402421500D01DF8 /* MainWindowViewController.swift */; };
		EFFAD45F23F8A26C009004D0 /* AppDelegate.swift in Sources */ = {isa = PBXBuildFile; fileRef = EFFAD45E23F8A26C009004D0 /* AppDelegate.swift */; };
		EFFAD46123F8A26C009004D0 /* MainViewController.swift in Sources */ = {isa = PBXBuildFile; fileRef = EFFAD46023F8A26C009004D0 /* MainViewController.swift */; };
		EFFAD46423F8A26C009004D0 /* Ghost_for_Mac.xcdatamodeld in Sources */ = {isa = PBXBuildFile; fileRef = EFFAD46223F8A26C009004D0 /* Ghost_for_Mac.xcdatamodeld */; };
		EFFAD46623F8A26E009004D0 /* Assets.xcassets in Resources */ = {isa = PBXBuildFile; fileRef = EFFAD46523F8A26E009004D0 /* Assets.xcassets */; };
		EFFAD46923F8A26E009004D0 /* Main.storyboard in Resources */ = {isa = PBXBuildFile; fileRef = EFFAD46723F8A26E009004D0 /* Main.storyboard */; };
		EFFAD47523F8A26E009004D0 /* Ghost_for_MacTests.swift in Sources */ = {isa = PBXBuildFile; fileRef = EFFAD47423F8A26E009004D0 /* Ghost_for_MacTests.swift */; };
		EFFCA5D3243B6843001BA016 /* GoogleService.swift in Sources */ = {isa = PBXBuildFile; fileRef = EFFCA5D2243B6842001BA016 /* GoogleService.swift */; };
		EFFCA5D5243B868E001BA016 /* BaseClass.swift in Sources */ = {isa = PBXBuildFile; fileRef = EFFCA5D4243B868E001BA016 /* BaseClass.swift */; };
		EFFCA5DA243B9C28001BA016 /* Event.swift in Sources */ = {isa = PBXBuildFile; fileRef = EFFCA5D7243B9C28001BA016 /* Event.swift */; };
		EFFCA5DB243B9C28001BA016 /* Contact.swift in Sources */ = {isa = PBXBuildFile; fileRef = EFFCA5D8243B9C28001BA016 /* Contact.swift */; };
		EFFCA5DC243B9C28001BA016 /* GhostCalendar.swift in Sources */ = {isa = PBXBuildFile; fileRef = EFFCA5D9243B9C28001BA016 /* GhostCalendar.swift */; };
		EFFCA5DF243BB535001BA016 /* Utils.swift in Sources */ = {isa = PBXBuildFile; fileRef = EFFCA5DE243BB535001BA016 /* Utils.swift */; };
		EFFCA5E2243BC072001BA016 /* EventTableCell.swift in Sources */ = {isa = PBXBuildFile; fileRef = EFFCA5E1243BC072001BA016 /* EventTableCell.swift */; };
		EFFCA5E4243BD15A001BA016 /* rndBgNSView.swift in Sources */ = {isa = PBXBuildFile; fileRef = EFFCA5E3243BD15A001BA016 /* rndBgNSView.swift */; };
/* End PBXBuildFile section */

/* Begin PBXContainerItemProxy section */
		EFFAD47123F8A26E009004D0 /* PBXContainerItemProxy */ = {
			isa = PBXContainerItemProxy;
			containerPortal = EFFAD45323F8A26C009004D0 /* Project object */;
			proxyType = 1;
			remoteGlobalIDString = EFFAD45A23F8A26C009004D0;
			remoteInfo = "Ghost for Mac";
		};
/* End PBXContainerItemProxy section */

/* Begin PBXFileReference section */
		1B30BE18567D8B3E2FC3C772 /* Pods-Ghost for MacTests.release.xcconfig */ = {isa = PBXFileReference; includeInIndex = 1; lastKnownFileType = text.xcconfig; name = "Pods-Ghost for MacTests.release.xcconfig"; path = "Target Support Files/Pods-Ghost for MacTests/Pods-Ghost for MacTests.release.xcconfig"; sourceTree = "<group>"; };
		3EC43943BBA84BFDA24560C5 /* Pods-Ghost for MacTests.debug.xcconfig */ = {isa = PBXFileReference; includeInIndex = 1; lastKnownFileType = text.xcconfig; name = "Pods-Ghost for MacTests.debug.xcconfig"; path = "Target Support Files/Pods-Ghost for MacTests/Pods-Ghost for MacTests.debug.xcconfig"; sourceTree = "<group>"; };
		45A0A08BD7191287F1043593 /* Pods_Ghost_for_Mac.framework */ = {isa = PBXFileReference; explicitFileType = wrapper.framework; includeInIndex = 0; path = Pods_Ghost_for_Mac.framework; sourceTree = BUILT_PRODUCTS_DIR; };
		6263089CBCA0C7D36EC31AFE /* Pods-Ghost for Mac.debug.xcconfig */ = {isa = PBXFileReference; includeInIndex = 1; lastKnownFileType = text.xcconfig; name = "Pods-Ghost for Mac.debug.xcconfig"; path = "Target Support Files/Pods-Ghost for Mac/Pods-Ghost for Mac.debug.xcconfig"; sourceTree = "<group>"; };
		A5C16CE5FA92500E555F3755 /* Pods-Ghost for Mac.release.xcconfig */ = {isa = PBXFileReference; includeInIndex = 1; lastKnownFileType = text.xcconfig; name = "Pods-Ghost for Mac.release.xcconfig"; path = "Target Support Files/Pods-Ghost for Mac/Pods-Ghost for Mac.release.xcconfig"; sourceTree = "<group>"; };
		CFC917E76DE41586BDC2EF2B /* Pods_Ghost_for_MacTests.framework */ = {isa = PBXFileReference; explicitFileType = wrapper.framework; includeInIndex = 0; path = Pods_Ghost_for_MacTests.framework; sourceTree = BUILT_PRODUCTS_DIR; };
		EF14EE0526CFEDBB00EBE556 /* ConferenceData.swift */ = {isa = PBXFileReference; lastKnownFileType = sourcecode.swift; path = ConferenceData.swift; sourceTree = "<group>"; };
		EF2435C526C060080041EAA7 /* DetailsView.swift */ = {isa = PBXFileReference; lastKnownFileType = sourcecode.swift; path = DetailsView.swift; sourceTree = "<group>"; };
		EF2BDD0026B040A8001B664C /* NSTableView+removeBg.swift */ = {isa = PBXFileReference; lastKnownFileType = sourcecode.swift; path = "NSTableView+removeBg.swift"; sourceTree = "<group>"; };
		EF3D5C5B26978A4700FAD83A /* HomeScreen.swift */ = {isa = PBXFileReference; lastKnownFileType = sourcecode.swift; path = HomeScreen.swift; sourceTree = "<group>"; };
		EFA30351243E319400240728 /* rndImageView.swift */ = {isa = PBXFileReference; lastKnownFileType = sourcecode.swift; path = rndImageView.swift; sourceTree = "<group>"; };
		EFA4A1AB26B5DB0C00143A2A /* EventView.swift */ = {isa = PBXFileReference; lastKnownFileType = sourcecode.swift; path = EventView.swift; sourceTree = "<group>"; };
		EFA4A1AD26B5DC6700143A2A /* LoginView.swift */ = {isa = PBXFileReference; lastKnownFileType = sourcecode.swift; path = LoginView.swift; sourceTree = "<group>"; };
		EFA4A1AF26B5DD2500143A2A /* TopView.swift */ = {isa = PBXFileReference; lastKnownFileType = sourcecode.swift; path = TopView.swift; sourceTree = "<group>"; };
		EFA4A1B126B5DE1F00143A2A /* KanbanView.swift */ = {isa = PBXFileReference; lastKnownFileType = sourcecode.swift; path = KanbanView.swift; sourceTree = "<group>"; };
		EFA4A1B526B5F8E600143A2A /* VerticalScrollingFixHostingView.swift */ = {isa = PBXFileReference; lastKnownFileType = sourcecode.swift; path = VerticalScrollingFixHostingView.swift; sourceTree = "<group>"; };
		EFA4A1BC26B7680100143A2A /* Date+alldays.swift */ = {isa = PBXFileReference; lastKnownFileType = sourcecode.swift; path = "Date+alldays.swift"; sourceTree = "<group>"; };
		EFA4A1BE26B7682A00143A2A /* MonthView.swift */ = {isa = PBXFileReference; lastKnownFileType = sourcecode.swift; path = MonthView.swift; sourceTree = "<group>"; };
		EFA4A1C026B7F34700143A2A /* GhostDate.swift */ = {isa = PBXFileReference; lastKnownFileType = sourcecode.swift; path = GhostDate.swift; sourceTree = "<group>"; };
		EFA4A1C226B8242200143A2A /* View+Border.swift */ = {isa = PBXFileReference; lastKnownFileType = sourcecode.swift; path = "View+Border.swift"; sourceTree = "<group>"; };
		EFAA583B26E419FC00C21B02 /* EventColor.swift */ = {isa = PBXFileReference; lastKnownFileType = sourcecode.swift; path = EventColor.swift; sourceTree = "<group>"; };
		EFAA583D26E430A200C21B02 /* OldEventView.swift */ = {isa = PBXFileReference; lastKnownFileType = sourcecode.swift; path = OldEventView.swift; sourceTree = "<group>"; };
		EFAA584626E5287E00C21B02 /* ConferenceView.swift */ = {isa = PBXFileReference; lastKnownFileType = sourcecode.swift; path = ConferenceView.swift; sourceTree = "<group>"; };
		EFB99FC1242832B0005B38E5 /* EventItem.swift */ = {isa = PBXFileReference; lastKnownFileType = sourcecode.swift; path = EventItem.swift; sourceTree = "<group>"; };
		EFB99FC2242832B0005B38E5 /* EventItem.xib */ = {isa = PBXFileReference; lastKnownFileType = file.xib; path = EventItem.xib; sourceTree = "<group>"; };
		EFB99FC5242A63C1005B38E5 /* AppConstants.swift */ = {isa = PBXFileReference; fileEncoding = 4; lastKnownFileType = sourcecode.swift; path = AppConstants.swift; sourceTree = "<group>"; };
		EFB99FC7242A6A53005B38E5 /* Store.swift */ = {isa = PBXFileReference; fileEncoding = 4; lastKnownFileType = sourcecode.swift; path = Store.swift; sourceTree = "<group>"; };
		EFB99FCA242A7AB6005B38E5 /* BaseViewController.swift */ = {isa = PBXFileReference; lastKnownFileType = sourcecode.swift; path = BaseViewController.swift; sourceTree = "<group>"; };
		EFC465BB26ACA89A0040DC9B /* AuthViewModel.swift */ = {isa = PBXFileReference; lastKnownFileType = sourcecode.swift; path = AuthViewModel.swift; sourceTree = "<group>"; };
		EFC465BD26ACA9260040DC9B /* BaseViewModel.swift */ = {isa = PBXFileReference; lastKnownFileType = sourcecode.swift; path = BaseViewModel.swift; sourceTree = "<group>"; };
		EFC465BF26AD685C0040DC9B /* GoogleCalendar.swift */ = {isa = PBXFileReference; fileEncoding = 4; lastKnownFileType = sourcecode.swift; path = GoogleCalendar.swift; sourceTree = "<group>"; };
		EFC465C126ADF6AA0040DC9B /* NSColor+Random.swift */ = {isa = PBXFileReference; lastKnownFileType = sourcecode.swift; path = "NSColor+Random.swift"; sourceTree = "<group>"; };
		EFC465C326AE13560040DC9B /* EventsViewModel.swift */ = {isa = PBXFileReference; lastKnownFileType = sourcecode.swift; path = EventsViewModel.swift; sourceTree = "<group>"; };
		EFC6F0C126B95B91001299D2 /* GeneralSettingsView.swift */ = {isa = PBXFileReference; lastKnownFileType = sourcecode.swift; path = GeneralSettingsView.swift; sourceTree = "<group>"; };
		EFC6F0C326B96281001299D2 /* AccountsSettingsView.swift */ = {isa = PBXFileReference; lastKnownFileType = sourcecode.swift; path = AccountsSettingsView.swift; sourceTree = "<group>"; };
		EFC6F0C526B962D6001299D2 /* Preferences+Pane.swift */ = {isa = PBXFileReference; lastKnownFileType = sourcecode.swift; path = "Preferences+Pane.swift"; sourceTree = "<group>"; };
		EFCF018B26AB902A00AFA6D6 /* DateHelper.swift */ = {isa = PBXFileReference; fileEncoding = 4; lastKnownFileType = sourcecode.swift; path = DateHelper.swift; sourceTree = "<group>"; };
		EFD5C50726BC330D009B225D /* StatsViewModel.swift */ = {isa = PBXFileReference; lastKnownFileType = sourcecode.swift; path = StatsViewModel.swift; sourceTree = "<group>"; };
		EFD5C50926BC7E12009B225D /* RescueTimeService.swift */ = {isa = PBXFileReference; fileEncoding = 4; lastKnownFileType = sourcecode.swift; path = RescueTimeService.swift; sourceTree = "<group>"; };
		EFEC86B626C836530010726E /* LoadingIndicator.swift */ = {isa = PBXFileReference; lastKnownFileType = sourcecode.swift; path = LoadingIndicator.swift; sourceTree = "<group>"; };
		EFEC86B926C8591C0010726E /* AddScheduleButtonView.swift */ = {isa = PBXFileReference; lastKnownFileType = sourcecode.swift; path = AddScheduleButtonView.swift; sourceTree = "<group>"; };
		EFEC86BB26C859B20010726E /* IndicatorView.swift */ = {isa = PBXFileReference; lastKnownFileType = sourcecode.swift; path = IndicatorView.swift; sourceTree = "<group>"; };
		EFEC86BD26C861CC0010726E /* KanbanHeaderView.swift */ = {isa = PBXFileReference; lastKnownFileType = sourcecode.swift; path = KanbanHeaderView.swift; sourceTree = "<group>"; };
		EFEC86C026C876060010726E /* String+htmlString.swift */ = {isa = PBXFileReference; lastKnownFileType = sourcecode.swift; path = "String+htmlString.swift"; sourceTree = "<group>"; };
		EFEC86C226C886C50010726E /* MultilineTextfield.swift */ = {isa = PBXFileReference; lastKnownFileType = sourcecode.swift; path = MultilineTextfield.swift; sourceTree = "<group>"; };
		EFEC86C426C88C8E0010726E /* EditableMultilineField.swift */ = {isa = PBXFileReference; lastKnownFileType = sourcecode.swift; path = EditableMultilineField.swift; sourceTree = "<group>"; };
		EFEC86C626CAF7140010726E /* DatesArranger.swift */ = {isa = PBXFileReference; lastKnownFileType = sourcecode.swift; path = DatesArranger.swift; sourceTree = "<group>"; };
		EFEC86C826CB08CE0010726E /* EventsInWeek.swift */ = {isa = PBXFileReference; lastKnownFileType = sourcecode.swift; path = EventsInWeek.swift; sourceTree = "<group>"; };
		EFF4104324023C9100D01DF8 /* BgNSView.swift */ = {isa = PBXFileReference; lastKnownFileType = sourcecode.swift; path = BgNSView.swift; sourceTree = "<group>"; };
		EFF410452402421500D01DF8 /* MainWindowViewController.swift */ = {isa = PBXFileReference; lastKnownFileType = sourcecode.swift; path = MainWindowViewController.swift; sourceTree = "<group>"; };
		EFFAD45B23F8A26C009004D0 /* Ghost for Mac.app */ = {isa = PBXFileReference; explicitFileType = wrapper.application; includeInIndex = 0; path = "Ghost for Mac.app"; sourceTree = BUILT_PRODUCTS_DIR; };
		EFFAD45E23F8A26C009004D0 /* AppDelegate.swift */ = {isa = PBXFileReference; lastKnownFileType = sourcecode.swift; path = AppDelegate.swift; sourceTree = "<group>"; };
		EFFAD46023F8A26C009004D0 /* MainViewController.swift */ = {isa = PBXFileReference; lastKnownFileType = sourcecode.swift; path = MainViewController.swift; sourceTree = "<group>"; };
		EFFAD46323F8A26C009004D0 /* Ghost_for_Mac.xcdatamodel */ = {isa = PBXFileReference; lastKnownFileType = wrapper.xcdatamodel; path = Ghost_for_Mac.xcdatamodel; sourceTree = "<group>"; };
		EFFAD46523F8A26E009004D0 /* Assets.xcassets */ = {isa = PBXFileReference; lastKnownFileType = folder.assetcatalog; path = Assets.xcassets; sourceTree = "<group>"; };
		EFFAD46823F8A26E009004D0 /* Base */ = {isa = PBXFileReference; lastKnownFileType = file.storyboard; name = Base; path = Base.lproj/Main.storyboard; sourceTree = "<group>"; };
		EFFAD46A23F8A26E009004D0 /* Info.plist */ = {isa = PBXFileReference; lastKnownFileType = text.plist.xml; path = Info.plist; sourceTree = "<group>"; };
		EFFAD46B23F8A26E009004D0 /* Ghost_for_Mac.entitlements */ = {isa = PBXFileReference; lastKnownFileType = text.plist.entitlements; path = Ghost_for_Mac.entitlements; sourceTree = "<group>"; };
		EFFAD47023F8A26E009004D0 /* Ghost for MacTests.xctest */ = {isa = PBXFileReference; explicitFileType = wrapper.cfbundle; includeInIndex = 0; path = "Ghost for MacTests.xctest"; sourceTree = BUILT_PRODUCTS_DIR; };
		EFFAD47423F8A26E009004D0 /* Ghost_for_MacTests.swift */ = {isa = PBXFileReference; lastKnownFileType = sourcecode.swift; path = Ghost_for_MacTests.swift; sourceTree = "<group>"; };
		EFFAD47623F8A26E009004D0 /* Info.plist */ = {isa = PBXFileReference; lastKnownFileType = text.plist.xml; path = Info.plist; sourceTree = "<group>"; };
		EFFCA5D2243B6842001BA016 /* GoogleService.swift */ = {isa = PBXFileReference; fileEncoding = 4; lastKnownFileType = sourcecode.swift; name = GoogleService.swift; path = "Ghost for Mac/Core/GoogleService.swift"; sourceTree = SOURCE_ROOT; };
		EFFCA5D4243B868E001BA016 /* BaseClass.swift */ = {isa = PBXFileReference; lastKnownFileType = sourcecode.swift; path = BaseClass.swift; sourceTree = "<group>"; };
		EFFCA5D7243B9C28001BA016 /* Event.swift */ = {isa = PBXFileReference; fileEncoding = 4; lastKnownFileType = sourcecode.swift; path = Event.swift; sourceTree = "<group>"; };
		EFFCA5D8243B9C28001BA016 /* Contact.swift */ = {isa = PBXFileReference; fileEncoding = 4; lastKnownFileType = sourcecode.swift; path = Contact.swift; sourceTree = "<group>"; };
		EFFCA5D9243B9C28001BA016 /* GhostCalendar.swift */ = {isa = PBXFileReference; fileEncoding = 4; lastKnownFileType = sourcecode.swift; path = GhostCalendar.swift; sourceTree = "<group>"; };
		EFFCA5DE243BB535001BA016 /* Utils.swift */ = {isa = PBXFileReference; lastKnownFileType = sourcecode.swift; path = Utils.swift; sourceTree = "<group>"; };
		EFFCA5E1243BC072001BA016 /* EventTableCell.swift */ = {isa = PBXFileReference; lastKnownFileType = sourcecode.swift; path = EventTableCell.swift; sourceTree = "<group>"; };
		EFFCA5E3243BD15A001BA016 /* rndBgNSView.swift */ = {isa = PBXFileReference; lastKnownFileType = sourcecode.swift; path = rndBgNSView.swift; sourceTree = "<group>"; };
/* End PBXFileReference section */

/* Begin PBXFrameworksBuildPhase section */
		EFFAD45823F8A26C009004D0 /* Frameworks */ = {
			isa = PBXFrameworksBuildPhase;
			buildActionMask = 2147483647;
			files = (
				552365B44D482F3140614903 /* Pods_Ghost_for_Mac.framework in Frameworks */,
			);
			runOnlyForDeploymentPostprocessing = 0;
		};
		EFFAD46D23F8A26E009004D0 /* Frameworks */ = {
			isa = PBXFrameworksBuildPhase;
			buildActionMask = 2147483647;
			files = (
				37BDE9FBBD482218D8EB1426 /* Pods_Ghost_for_MacTests.framework in Frameworks */,
			);
			runOnlyForDeploymentPostprocessing = 0;
		};
/* End PBXFrameworksBuildPhase section */

/* Begin PBXGroup section */
		B61E1ABDA64B4683A45E54D4 /* Pods */ = {
			isa = PBXGroup;
			children = (
				6263089CBCA0C7D36EC31AFE /* Pods-Ghost for Mac.debug.xcconfig */,
				A5C16CE5FA92500E555F3755 /* Pods-Ghost for Mac.release.xcconfig */,
				3EC43943BBA84BFDA24560C5 /* Pods-Ghost for MacTests.debug.xcconfig */,
				1B30BE18567D8B3E2FC3C772 /* Pods-Ghost for MacTests.release.xcconfig */,
			);
			path = Pods;
			sourceTree = "<group>";
		};
		DFCBE443C06E68696E62300D /* Frameworks */ = {
			isa = PBXGroup;
			children = (
				45A0A08BD7191287F1043593 /* Pods_Ghost_for_Mac.framework */,
				CFC917E76DE41586BDC2EF2B /* Pods_Ghost_for_MacTests.framework */,
			);
			name = Frameworks;
			sourceTree = "<group>";
		};
		EFA4A1B926B753CD00143A2A /* Calendar */ = {
			isa = PBXGroup;
			children = (
				EFA4A1BE26B7682A00143A2A /* MonthView.swift */,
			);
			path = Calendar;
			sourceTree = "<group>";
		};
		EFB99FC9242A6A57005B38E5 /* DB */ = {
			isa = PBXGroup;
			children = (
				EFB99FC7242A6A53005B38E5 /* Store.swift */,
				EFB99FC5242A63C1005B38E5 /* AppConstants.swift */,
				EFFAD46223F8A26C009004D0 /* Ghost_for_Mac.xcdatamodeld */,
			);
			path = DB;
			sourceTree = "<group>";
		};
		EFC465BA26ACA8860040DC9B /* ViewModel */ = {
			isa = PBXGroup;
			children = (
				EFC465BB26ACA89A0040DC9B /* AuthViewModel.swift */,
				EFC465BD26ACA9260040DC9B /* BaseViewModel.swift */,
				EFC465C326AE13560040DC9B /* EventsViewModel.swift */,
				EFD5C50726BC330D009B225D /* StatsViewModel.swift */,
			);
			path = ViewModel;
			sourceTree = "<group>";
		};
		EFC6F0C026B95B78001299D2 /* Settings */ = {
			isa = PBXGroup;
			children = (
				EFC6F0C126B95B91001299D2 /* GeneralSettingsView.swift */,
				EFC6F0C326B96281001299D2 /* AccountsSettingsView.swift */,
			);
			path = Settings;
			sourceTree = "<group>";
		};
		EFCF00FB26A77D3C00AFA6D6 /* Components */ = {
			isa = PBXGroup;
			children = (
				EFEC86B826C859060010726E /* Controls */,
				EFC6F0C026B95B78001299D2 /* Settings */,
				EFA4A1B926B753CD00143A2A /* Calendar */,
				EFA4A1AB26B5DB0C00143A2A /* EventView.swift */,
				EFA4A1AD26B5DC6700143A2A /* LoginView.swift */,
				EFA4A1AF26B5DD2500143A2A /* TopView.swift */,
				EFA4A1B126B5DE1F00143A2A /* KanbanView.swift */,
				EFA4A1B526B5F8E600143A2A /* VerticalScrollingFixHostingView.swift */,
				EF2435C526C060080041EAA7 /* DetailsView.swift */,
				EFEC86BD26C861CC0010726E /* KanbanHeaderView.swift */,
				EFAA583D26E430A200C21B02 /* OldEventView.swift */,
				EFAA584626E5287E00C21B02 /* ConferenceView.swift */,
			);
			path = Components;
			sourceTree = "<group>";
		};
		EFCF018A26AB901C00AFA6D6 /* Helpers */ = {
			isa = PBXGroup;
			children = (
				EFCF018B26AB902A00AFA6D6 /* DateHelper.swift */,
			);
			path = Helpers;
			sourceTree = "<group>";
		};
		EFEC86B526C8355A0010726E /* Structs */ = {
			isa = PBXGroup;
			children = (
				EFEC86B626C836530010726E /* LoadingIndicator.swift */,
			);
			path = Structs;
			sourceTree = "<group>";
		};
		EFEC86B826C859060010726E /* Controls */ = {
			isa = PBXGroup;
			children = (
				EFEC86B926C8591C0010726E /* AddScheduleButtonView.swift */,
				EFEC86BB26C859B20010726E /* IndicatorView.swift */,
			);
			path = Controls;
			sourceTree = "<group>";
		};
		EFEC86BF26C875E80010726E /* Extensions */ = {
			isa = PBXGroup;
			children = (
				EFEC86C026C876060010726E /* String+htmlString.swift */,
			);
			path = Extensions;
			sourceTree = "<group>";
		};
		EFFAD45223F8A26C009004D0 = {
			isa = PBXGroup;
			children = (
				EFFAD45D23F8A26C009004D0 /* Ghost for Mac */,
				EFFAD47323F8A26E009004D0 /* Ghost for MacTests */,
				EFFAD45C23F8A26C009004D0 /* Products */,
				B61E1ABDA64B4683A45E54D4 /* Pods */,
				DFCBE443C06E68696E62300D /* Frameworks */,
			);
			sourceTree = "<group>";
		};
		EFFAD45C23F8A26C009004D0 /* Products */ = {
			isa = PBXGroup;
			children = (
				EFFAD45B23F8A26C009004D0 /* Ghost for Mac.app */,
				EFFAD47023F8A26E009004D0 /* Ghost for MacTests.xctest */,
			);
			name = Products;
			sourceTree = "<group>";
		};
		EFFAD45D23F8A26C009004D0 /* Ghost for Mac */ = {
			isa = PBXGroup;
			children = (
				EFEC86BF26C875E80010726E /* Extensions */,
				EFEC86B526C8355A0010726E /* Structs */,
				EFC465BA26ACA8860040DC9B /* ViewModel */,
				EFCF018A26AB901C00AFA6D6 /* Helpers */,
				EFFAD47F23F8A27B009004D0 /* Core */,
				EFFAD48323F8B8B3009004D0 /* CustomViews */,
				EFFCA5D6243B9C28001BA016 /* Models */,
				EFFCA5E0243BC05A001BA016 /* TableCells */,
				EFFAD48023F8A28C009004D0 /* Screens */,
				EFFAD46523F8A26E009004D0 /* Assets.xcassets */,
				EFFAD46A23F8A26E009004D0 /* Info.plist */,
				EFFAD46B23F8A26E009004D0 /* Ghost_for_Mac.entitlements */,
			);
			path = "Ghost for Mac";
			sourceTree = "<group>";
		};
		EFFAD47323F8A26E009004D0 /* Ghost for MacTests */ = {
			isa = PBXGroup;
			children = (
				EFFAD47423F8A26E009004D0 /* Ghost_for_MacTests.swift */,
				EFFAD47623F8A26E009004D0 /* Info.plist */,
			);
			path = "Ghost for MacTests";
			sourceTree = "<group>";
		};
		EFFAD47F23F8A27B009004D0 /* Core */ = {
			isa = PBXGroup;
			children = (
				EFFCA5DD243BB526001BA016 /* Extensions */,
				EFFCA5D1243B6833001BA016 /* Services */,
				EFB99FC9242A6A57005B38E5 /* DB */,
				EFFAD45E23F8A26C009004D0 /* AppDelegate.swift */,
			);
			path = Core;
			sourceTree = "<group>";
		};
		EFFAD48023F8A28C009004D0 /* Screens */ = {
			isa = PBXGroup;
			children = (
				EFCF00FB26A77D3C00AFA6D6 /* Components */,
				EFFAD48123F8A29D009004D0 /* Main */,
				EFB99FCA242A7AB6005B38E5 /* BaseViewController.swift */,
			);
			path = Screens;
			sourceTree = "<group>";
		};
		EFFAD48123F8A29D009004D0 /* Main */ = {
			isa = PBXGroup;
			children = (
				EFFAD46723F8A26E009004D0 /* Main.storyboard */,
				EFFAD46023F8A26C009004D0 /* MainViewController.swift */,
				EFF410452402421500D01DF8 /* MainWindowViewController.swift */,
				EFB99FC1242832B0005B38E5 /* EventItem.swift */,
				EFB99FC2242832B0005B38E5 /* EventItem.xib */,
				EF3D5C5B26978A4700FAD83A /* HomeScreen.swift */,
			);
			path = Main;
			sourceTree = "<group>";
		};
		EFFAD48323F8B8B3009004D0 /* CustomViews */ = {
			isa = PBXGroup;
			children = (
				EFF4104324023C9100D01DF8 /* BgNSView.swift */,
				EFFCA5E3243BD15A001BA016 /* rndBgNSView.swift */,
				EFA30351243E319400240728 /* rndImageView.swift */,
				EFEC86C226C886C50010726E /* MultilineTextfield.swift */,
				EFEC86C426C88C8E0010726E /* EditableMultilineField.swift */,
			);
			path = CustomViews;
			sourceTree = "<group>";
		};
		EFFCA5D1243B6833001BA016 /* Services */ = {
			isa = PBXGroup;
			children = (
				EFD5C50926BC7E12009B225D /* RescueTimeService.swift */,
				EFFCA5D2243B6842001BA016 /* GoogleService.swift */,
				EFFCA5D4243B868E001BA016 /* BaseClass.swift */,
			);
			path = Services;
			sourceTree = "<group>";
		};
		EFFCA5D6243B9C28001BA016 /* Models */ = {
			isa = PBXGroup;
			children = (
				EFFCA5D7243B9C28001BA016 /* Event.swift */,
				EFFCA5D8243B9C28001BA016 /* Contact.swift */,
				EFFCA5D9243B9C28001BA016 /* GhostCalendar.swift */,
				EFC465BF26AD685C0040DC9B /* GoogleCalendar.swift */,
				EFA4A1C026B7F34700143A2A /* GhostDate.swift */,
				EFEC86C626CAF7140010726E /* DatesArranger.swift */,
				EFEC86C826CB08CE0010726E /* EventsInWeek.swift */,
				EF14EE0526CFEDBB00EBE556 /* ConferenceData.swift */,
				EFAA583B26E419FC00C21B02 /* EventColor.swift */,
			);
			path = Models;
			sourceTree = "<group>";
		};
		EFFCA5DD243BB526001BA016 /* Extensions */ = {
			isa = PBXGroup;
			children = (
				EFFCA5DE243BB535001BA016 /* Utils.swift */,
				EFC465C126ADF6AA0040DC9B /* NSColor+Random.swift */,
				EF2BDD0026B040A8001B664C /* NSTableView+removeBg.swift */,
				EFA4A1BC26B7680100143A2A /* Date+alldays.swift */,
				EFA4A1C226B8242200143A2A /* View+Border.swift */,
				EFC6F0C526B962D6001299D2 /* Preferences+Pane.swift */,
			);
			path = Extensions;
			sourceTree = "<group>";
		};
		EFFCA5E0243BC05A001BA016 /* TableCells */ = {
			isa = PBXGroup;
			children = (
				EFFCA5E1243BC072001BA016 /* EventTableCell.swift */,
			);
			path = TableCells;
			sourceTree = "<group>";
		};
/* End PBXGroup section */

/* Begin PBXNativeTarget section */
		EFFAD45A23F8A26C009004D0 /* Ghost for Mac */ = {
			isa = PBXNativeTarget;
			buildConfigurationList = EFFAD47923F8A26E009004D0 /* Build configuration list for PBXNativeTarget "Ghost for Mac" */;
			buildPhases = (
				1A65F09ED16C395C35F884C9 /* [CP] Check Pods Manifest.lock */,
				EFFAD45723F8A26C009004D0 /* Sources */,
				EFFAD45823F8A26C009004D0 /* Frameworks */,
				EFFAD45923F8A26C009004D0 /* Resources */,
				361D3526A441999652564D74 /* [CP] Embed Pods Frameworks */,
			);
			buildRules = (
			);
			dependencies = (
			);
			name = "Ghost for Mac";
			productName = "Ghost for Mac";
			productReference = EFFAD45B23F8A26C009004D0 /* Ghost for Mac.app */;
			productType = "com.apple.product-type.application";
		};
		EFFAD46F23F8A26E009004D0 /* Ghost for MacTests */ = {
			isa = PBXNativeTarget;
			buildConfigurationList = EFFAD47C23F8A26E009004D0 /* Build configuration list for PBXNativeTarget "Ghost for MacTests" */;
			buildPhases = (
				87F60B3EA7A97671ADD7E6FC /* [CP] Check Pods Manifest.lock */,
				EFFAD46C23F8A26E009004D0 /* Sources */,
				EFFAD46D23F8A26E009004D0 /* Frameworks */,
				EFFAD46E23F8A26E009004D0 /* Resources */,
			);
			buildRules = (
			);
			dependencies = (
				EFFAD47223F8A26E009004D0 /* PBXTargetDependency */,
			);
			name = "Ghost for MacTests";
			productName = "Ghost for MacTests";
			productReference = EFFAD47023F8A26E009004D0 /* Ghost for MacTests.xctest */;
			productType = "com.apple.product-type.bundle.unit-test";
		};
/* End PBXNativeTarget section */

/* Begin PBXProject section */
		EFFAD45323F8A26C009004D0 /* Project object */ = {
			isa = PBXProject;
			attributes = {
				LastSwiftUpdateCheck = 1130;
				LastUpgradeCheck = 1130;
				ORGANIZATIONNAME = Ephod;
				TargetAttributes = {
					EFFAD45A23F8A26C009004D0 = {
						CreatedOnToolsVersion = 11.3;
					};
					EFFAD46F23F8A26E009004D0 = {
						CreatedOnToolsVersion = 11.3;
						TestTargetID = EFFAD45A23F8A26C009004D0;
					};
				};
			};
			buildConfigurationList = EFFAD45623F8A26C009004D0 /* Build configuration list for PBXProject "Ghost for Mac" */;
			compatibilityVersion = "Xcode 9.3";
			developmentRegion = en;
			hasScannedForEncodings = 0;
			knownRegions = (
				en,
				Base,
			);
			mainGroup = EFFAD45223F8A26C009004D0;
			productRefGroup = EFFAD45C23F8A26C009004D0 /* Products */;
			projectDirPath = "";
			projectRoot = "";
			targets = (
				EFFAD45A23F8A26C009004D0 /* Ghost for Mac */,
				EFFAD46F23F8A26E009004D0 /* Ghost for MacTests */,
			);
		};
/* End PBXProject section */

/* Begin PBXResourcesBuildPhase section */
		EFFAD45923F8A26C009004D0 /* Resources */ = {
			isa = PBXResourcesBuildPhase;
			buildActionMask = 2147483647;
			files = (
				EFFAD46623F8A26E009004D0 /* Assets.xcassets in Resources */,
				EFB99FC4242832B0005B38E5 /* EventItem.xib in Resources */,
				EFFAD46923F8A26E009004D0 /* Main.storyboard in Resources */,
			);
			runOnlyForDeploymentPostprocessing = 0;
		};
		EFFAD46E23F8A26E009004D0 /* Resources */ = {
			isa = PBXResourcesBuildPhase;
			buildActionMask = 2147483647;
			files = (
			);
			runOnlyForDeploymentPostprocessing = 0;
		};
/* End PBXResourcesBuildPhase section */

/* Begin PBXShellScriptBuildPhase section */
		1A65F09ED16C395C35F884C9 /* [CP] Check Pods Manifest.lock */ = {
			isa = PBXShellScriptBuildPhase;
			buildActionMask = 2147483647;
			files = (
			);
			inputFileListPaths = (
			);
			inputPaths = (
				"${PODS_PODFILE_DIR_PATH}/Podfile.lock",
				"${PODS_ROOT}/Manifest.lock",
			);
			name = "[CP] Check Pods Manifest.lock";
			outputFileListPaths = (
			);
			outputPaths = (
				"$(DERIVED_FILE_DIR)/Pods-Ghost for Mac-checkManifestLockResult.txt",
			);
			runOnlyForDeploymentPostprocessing = 0;
			shellPath = /bin/sh;
			shellScript = "diff \"${PODS_PODFILE_DIR_PATH}/Podfile.lock\" \"${PODS_ROOT}/Manifest.lock\" > /dev/null\nif [ $? != 0 ] ; then\n    # print error to STDERR\n    echo \"error: The sandbox is not in sync with the Podfile.lock. Run 'pod install' or update your CocoaPods installation.\" >&2\n    exit 1\nfi\n# This output is used by Xcode 'outputs' to avoid re-running this script phase.\necho \"SUCCESS\" > \"${SCRIPT_OUTPUT_FILE_0}\"\n";
			showEnvVarsInLog = 0;
		};
		361D3526A441999652564D74 /* [CP] Embed Pods Frameworks */ = {
			isa = PBXShellScriptBuildPhase;
			buildActionMask = 2147483647;
			files = (
			);
			inputFileListPaths = (
				"${PODS_ROOT}/Target Support Files/Pods-Ghost for Mac/Pods-Ghost for Mac-frameworks-${CONFIGURATION}-input-files.xcfilelist",
			);
			name = "[CP] Embed Pods Frameworks";
			outputFileListPaths = (
				"${PODS_ROOT}/Target Support Files/Pods-Ghost for Mac/Pods-Ghost for Mac-frameworks-${CONFIGURATION}-output-files.xcfilelist",
			);
			runOnlyForDeploymentPostprocessing = 0;
			shellPath = /bin/sh;
			shellScript = "\"${PODS_ROOT}/Target Support Files/Pods-Ghost for Mac/Pods-Ghost for Mac-frameworks.sh\"\n";
			showEnvVarsInLog = 0;
		};
		87F60B3EA7A97671ADD7E6FC /* [CP] Check Pods Manifest.lock */ = {
			isa = PBXShellScriptBuildPhase;
			buildActionMask = 2147483647;
			files = (
			);
			inputFileListPaths = (
			);
			inputPaths = (
				"${PODS_PODFILE_DIR_PATH}/Podfile.lock",
				"${PODS_ROOT}/Manifest.lock",
			);
			name = "[CP] Check Pods Manifest.lock";
			outputFileListPaths = (
			);
			outputPaths = (
				"$(DERIVED_FILE_DIR)/Pods-Ghost for MacTests-checkManifestLockResult.txt",
			);
			runOnlyForDeploymentPostprocessing = 0;
			shellPath = /bin/sh;
			shellScript = "diff \"${PODS_PODFILE_DIR_PATH}/Podfile.lock\" \"${PODS_ROOT}/Manifest.lock\" > /dev/null\nif [ $? != 0 ] ; then\n    # print error to STDERR\n    echo \"error: The sandbox is not in sync with the Podfile.lock. Run 'pod install' or update your CocoaPods installation.\" >&2\n    exit 1\nfi\n# This output is used by Xcode 'outputs' to avoid re-running this script phase.\necho \"SUCCESS\" > \"${SCRIPT_OUTPUT_FILE_0}\"\n";
			showEnvVarsInLog = 0;
		};
/* End PBXShellScriptBuildPhase section */

/* Begin PBXSourcesBuildPhase section */
		EFFAD45723F8A26C009004D0 /* Sources */ = {
			isa = PBXSourcesBuildPhase;
			buildActionMask = 2147483647;
			files = (
				EFF410462402421500D01DF8 /* MainWindowViewController.swift in Sources */,
				EFA4A1B626B5F8E600143A2A /* VerticalScrollingFixHostingView.swift in Sources */,
				EFEC86BA26C8591C0010726E /* AddScheduleButtonView.swift in Sources */,
				EFC6F0C426B96281001299D2 /* AccountsSettingsView.swift in Sources */,
				EFFCA5E2243BC072001BA016 /* EventTableCell.swift in Sources */,
				EF3D5C5C26978A4700FAD83A /* HomeScreen.swift in Sources */,
				EFA4A1B026B5DD2500143A2A /* TopView.swift in Sources */,
				EFB99FC6242A63C1005B38E5 /* AppConstants.swift in Sources */,
				EFEC86C326C886C50010726E /* MultilineTextfield.swift in Sources */,
				EFA4A1BF26B7682A00143A2A /* MonthView.swift in Sources */,
				EFB99FCB242A7AB6005B38E5 /* BaseViewController.swift in Sources */,
				EFC465BE26ACA9260040DC9B /* BaseViewModel.swift in Sources */,
				EF14EE0626CFEDBB00EBE556 /* ConferenceData.swift in Sources */,
				EFFAD46423F8A26C009004D0 /* Ghost_for_Mac.xcdatamodeld in Sources */,
				EFB99FC3242832B0005B38E5 /* EventItem.swift in Sources */,
				EFB99FC8242A6A53005B38E5 /* Store.swift in Sources */,
				EFCF018C26AB902A00AFA6D6 /* DateHelper.swift in Sources */,
				EFAA583C26E419FC00C21B02 /* EventColor.swift in Sources */,
				EFF4104424023C9100D01DF8 /* BgNSView.swift in Sources */,
				EFD5C50826BC330D009B225D /* StatsViewModel.swift in Sources */,
				EFD5C50A26BC7E12009B225D /* RescueTimeService.swift in Sources */,
				EFFCA5E4243BD15A001BA016 /* rndBgNSView.swift in Sources */,
				EFFCA5D3243B6843001BA016 /* GoogleService.swift in Sources */,
				EFC465C026AD685C0040DC9B /* GoogleCalendar.swift in Sources */,
				EFFCA5DF243BB535001BA016 /* Utils.swift in Sources */,
				EFEC86C726CAF7140010726E /* DatesArranger.swift in Sources */,
				EFA4A1B226B5DE1F00143A2A /* KanbanView.swift in Sources */,
				EFFCA5D5243B868E001BA016 /* BaseClass.swift in Sources */,
				EFA4A1AE26B5DC6700143A2A /* LoginView.swift in Sources */,
				EFEC86B726C836530010726E /* LoadingIndicator.swift in Sources */,
				EFEC86BC26C859B20010726E /* IndicatorView.swift in Sources */,
				EF2435C626C060080041EAA7 /* DetailsView.swift in Sources */,
				EFFAD46123F8A26C009004D0 /* MainViewController.swift in Sources */,
				EF2BDD0126B040A8001B664C /* NSTableView+removeBg.swift in Sources */,
				EFA4A1C126B7F34700143A2A /* GhostDate.swift in Sources */,
				EFC465BC26ACA89A0040DC9B /* AuthViewModel.swift in Sources */,
				EFAA584726E5287E00C21B02 /* ConferenceView.swift in Sources */,
				EFFCA5DB243B9C28001BA016 /* Contact.swift in Sources */,
				EFA4A1AC26B5DB0C00143A2A /* EventView.swift in Sources */,
				EFC465C226ADF6AA0040DC9B /* NSColor+Random.swift in Sources */,
				EFC6F0C226B95B91001299D2 /* GeneralSettingsView.swift in Sources */,
				EFFCA5DC243B9C28001BA016 /* GhostCalendar.swift in Sources */,
				EFEC86C926CB08CE0010726E /* EventsInWeek.swift in Sources */,
				EFFCA5DA243B9C28001BA016 /* Event.swift in Sources */,
				EFC6F0C626B962D6001299D2 /* Preferences+Pane.swift in Sources */,
				EFEC86C526C88C8E0010726E /* EditableMultilineField.swift in Sources */,
				EFA4A1BD26B7680100143A2A /* Date+alldays.swift in Sources */,
				EFEC86C126C876060010726E /* String+htmlString.swift in Sources */,
				EFAA583E26E430A200C21B02 /* OldEventView.swift in Sources */,
				EFEC86BE26C861CC0010726E /* KanbanHeaderView.swift in Sources */,
				EFC465C426AE13560040DC9B /* EventsViewModel.swift in Sources */,
				EFFAD45F23F8A26C009004D0 /* AppDelegate.swift in Sources */,
				EFA4A1C326B8242200143A2A /* View+Border.swift in Sources */,
				EFA30352243E319400240728 /* rndImageView.swift in Sources */,
			);
			runOnlyForDeploymentPostprocessing = 0;
		};
		EFFAD46C23F8A26E009004D0 /* Sources */ = {
			isa = PBXSourcesBuildPhase;
			buildActionMask = 2147483647;
			files = (
				EFFAD47523F8A26E009004D0 /* Ghost_for_MacTests.swift in Sources */,
			);
			runOnlyForDeploymentPostprocessing = 0;
		};
/* End PBXSourcesBuildPhase section */

/* Begin PBXTargetDependency section */
		EFFAD47223F8A26E009004D0 /* PBXTargetDependency */ = {
			isa = PBXTargetDependency;
			target = EFFAD45A23F8A26C009004D0 /* Ghost for Mac */;
			targetProxy = EFFAD47123F8A26E009004D0 /* PBXContainerItemProxy */;
		};
/* End PBXTargetDependency section */

/* Begin PBXVariantGroup section */
		EFFAD46723F8A26E009004D0 /* Main.storyboard */ = {
			isa = PBXVariantGroup;
			children = (
				EFFAD46823F8A26E009004D0 /* Base */,
			);
			name = Main.storyboard;
			sourceTree = "<group>";
		};
/* End PBXVariantGroup section */

/* Begin XCBuildConfiguration section */
		EFFAD47723F8A26E009004D0 /* Debug */ = {
			isa = XCBuildConfiguration;
			buildSettings = {
				ALWAYS_SEARCH_USER_PATHS = NO;
				CLANG_ANALYZER_NONNULL = YES;
				CLANG_ANALYZER_NUMBER_OBJECT_CONVERSION = YES_AGGRESSIVE;
				CLANG_CXX_LANGUAGE_STANDARD = "gnu++14";
				CLANG_CXX_LIBRARY = "libc++";
				CLANG_ENABLE_MODULES = YES;
				CLANG_ENABLE_OBJC_ARC = YES;
				CLANG_ENABLE_OBJC_WEAK = YES;
				CLANG_WARN_BLOCK_CAPTURE_AUTORELEASING = YES;
				CLANG_WARN_BOOL_CONVERSION = YES;
				CLANG_WARN_COMMA = YES;
				CLANG_WARN_CONSTANT_CONVERSION = YES;
				CLANG_WARN_DEPRECATED_OBJC_IMPLEMENTATIONS = YES;
				CLANG_WARN_DIRECT_OBJC_ISA_USAGE = YES_ERROR;
				CLANG_WARN_DOCUMENTATION_COMMENTS = YES;
				CLANG_WARN_EMPTY_BODY = YES;
				CLANG_WARN_ENUM_CONVERSION = YES;
				CLANG_WARN_INFINITE_RECURSION = YES;
				CLANG_WARN_INT_CONVERSION = YES;
				CLANG_WARN_NON_LITERAL_NULL_CONVERSION = YES;
				CLANG_WARN_OBJC_IMPLICIT_RETAIN_SELF = YES;
				CLANG_WARN_OBJC_LITERAL_CONVERSION = YES;
				CLANG_WARN_OBJC_ROOT_CLASS = YES_ERROR;
				CLANG_WARN_RANGE_LOOP_ANALYSIS = YES;
				CLANG_WARN_STRICT_PROTOTYPES = YES;
				CLANG_WARN_SUSPICIOUS_MOVE = YES;
				CLANG_WARN_UNGUARDED_AVAILABILITY = YES_AGGRESSIVE;
				CLANG_WARN_UNREACHABLE_CODE = YES;
				CLANG_WARN__DUPLICATE_METHOD_MATCH = YES;
				COPY_PHASE_STRIP = NO;
				DEBUG_INFORMATION_FORMAT = dwarf;
				ENABLE_STRICT_OBJC_MSGSEND = YES;
				ENABLE_TESTABILITY = YES;
				GCC_C_LANGUAGE_STANDARD = gnu11;
				GCC_DYNAMIC_NO_PIC = NO;
				GCC_NO_COMMON_BLOCKS = YES;
				GCC_OPTIMIZATION_LEVEL = 0;
				GCC_PREPROCESSOR_DEFINITIONS = (
					"DEBUG=1",
					"$(inherited)",
				);
				GCC_WARN_64_TO_32_BIT_CONVERSION = YES;
				GCC_WARN_ABOUT_RETURN_TYPE = YES_ERROR;
				GCC_WARN_UNDECLARED_SELECTOR = YES;
				GCC_WARN_UNINITIALIZED_AUTOS = YES_AGGRESSIVE;
				GCC_WARN_UNUSED_FUNCTION = YES;
				GCC_WARN_UNUSED_VARIABLE = YES;
				MACOSX_DEPLOYMENT_TARGET = 10.14;
				MTL_ENABLE_DEBUG_INFO = INCLUDE_SOURCE;
				MTL_FAST_MATH = YES;
				ONLY_ACTIVE_ARCH = YES;
				SDKROOT = macosx;
				SWIFT_ACTIVE_COMPILATION_CONDITIONS = DEBUG;
				SWIFT_OPTIMIZATION_LEVEL = "-Onone";
			};
			name = Debug;
		};
		EFFAD47823F8A26E009004D0 /* Release */ = {
			isa = XCBuildConfiguration;
			buildSettings = {
				ALWAYS_SEARCH_USER_PATHS = NO;
				CLANG_ANALYZER_NONNULL = YES;
				CLANG_ANALYZER_NUMBER_OBJECT_CONVERSION = YES_AGGRESSIVE;
				CLANG_CXX_LANGUAGE_STANDARD = "gnu++14";
				CLANG_CXX_LIBRARY = "libc++";
				CLANG_ENABLE_MODULES = YES;
				CLANG_ENABLE_OBJC_ARC = YES;
				CLANG_ENABLE_OBJC_WEAK = YES;
				CLANG_WARN_BLOCK_CAPTURE_AUTORELEASING = YES;
				CLANG_WARN_BOOL_CONVERSION = YES;
				CLANG_WARN_COMMA = YES;
				CLANG_WARN_CONSTANT_CONVERSION = YES;
				CLANG_WARN_DEPRECATED_OBJC_IMPLEMENTATIONS = YES;
				CLANG_WARN_DIRECT_OBJC_ISA_USAGE = YES_ERROR;
				CLANG_WARN_DOCUMENTATION_COMMENTS = YES;
				CLANG_WARN_EMPTY_BODY = YES;
				CLANG_WARN_ENUM_CONVERSION = YES;
				CLANG_WARN_INFINITE_RECURSION = YES;
				CLANG_WARN_INT_CONVERSION = YES;
				CLANG_WARN_NON_LITERAL_NULL_CONVERSION = YES;
				CLANG_WARN_OBJC_IMPLICIT_RETAIN_SELF = YES;
				CLANG_WARN_OBJC_LITERAL_CONVERSION = YES;
				CLANG_WARN_OBJC_ROOT_CLASS = YES_ERROR;
				CLANG_WARN_RANGE_LOOP_ANALYSIS = YES;
				CLANG_WARN_STRICT_PROTOTYPES = YES;
				CLANG_WARN_SUSPICIOUS_MOVE = YES;
				CLANG_WARN_UNGUARDED_AVAILABILITY = YES_AGGRESSIVE;
				CLANG_WARN_UNREACHABLE_CODE = YES;
				CLANG_WARN__DUPLICATE_METHOD_MATCH = YES;
				COPY_PHASE_STRIP = NO;
				DEBUG_INFORMATION_FORMAT = "dwarf-with-dsym";
				ENABLE_NS_ASSERTIONS = NO;
				ENABLE_STRICT_OBJC_MSGSEND = YES;
				GCC_C_LANGUAGE_STANDARD = gnu11;
				GCC_NO_COMMON_BLOCKS = YES;
				GCC_WARN_64_TO_32_BIT_CONVERSION = YES;
				GCC_WARN_ABOUT_RETURN_TYPE = YES_ERROR;
				GCC_WARN_UNDECLARED_SELECTOR = YES;
				GCC_WARN_UNINITIALIZED_AUTOS = YES_AGGRESSIVE;
				GCC_WARN_UNUSED_FUNCTION = YES;
				GCC_WARN_UNUSED_VARIABLE = YES;
				MACOSX_DEPLOYMENT_TARGET = 10.14;
				MTL_ENABLE_DEBUG_INFO = NO;
				MTL_FAST_MATH = YES;
				SDKROOT = macosx;
				SWIFT_COMPILATION_MODE = wholemodule;
				SWIFT_OPTIMIZATION_LEVEL = "-O";
			};
			name = Release;
		};
		EFFAD47A23F8A26E009004D0 /* Debug */ = {
			isa = XCBuildConfiguration;
			baseConfigurationReference = 6263089CBCA0C7D36EC31AFE /* Pods-Ghost for Mac.debug.xcconfig */;
			buildSettings = {
				ASSETCATALOG_COMPILER_APPICON_NAME = AppIcon;
				CODE_SIGN_ENTITLEMENTS = "Ghost for Mac/Ghost_for_Mac.entitlements";
				CODE_SIGN_STYLE = Automatic;
				COMBINE_HIDPI_IMAGES = YES;
				DEVELOPMENT_TEAM = KPGYDGPJU8;
				ENABLE_HARDENED_RUNTIME = YES;
				INFOPLIST_FILE = "Ghost for Mac/Info.plist";
				LD_RUNPATH_SEARCH_PATHS = (
					"$(inherited)",
					"@executable_path/../Frameworks",
				);
				MACOSX_DEPLOYMENT_TARGET = 11.0;
				PRODUCT_BUNDLE_IDENTIFIER = "com.ephod.ghost.Ghost-for-Mac";
				PRODUCT_NAME = "$(TARGET_NAME)";
				SWIFT_VERSION = 5.0;
			};
			name = Debug;
		};
		EFFAD47B23F8A26E009004D0 /* Release */ = {
			isa = XCBuildConfiguration;
			baseConfigurationReference = A5C16CE5FA92500E555F3755 /* Pods-Ghost for Mac.release.xcconfig */;
			buildSettings = {
				ASSETCATALOG_COMPILER_APPICON_NAME = AppIcon;
				CODE_SIGN_ENTITLEMENTS = "Ghost for Mac/Ghost_for_Mac.entitlements";
				CODE_SIGN_STYLE = Automatic;
				COMBINE_HIDPI_IMAGES = YES;
				DEVELOPMENT_TEAM = KPGYDGPJU8;
				ENABLE_HARDENED_RUNTIME = YES;
				INFOPLIST_FILE = "Ghost for Mac/Info.plist";
				LD_RUNPATH_SEARCH_PATHS = (
					"$(inherited)",
					"@executable_path/../Frameworks",
				);
				MACOSX_DEPLOYMENT_TARGET = 11.0;
				PRODUCT_BUNDLE_IDENTIFIER = "com.ephod.ghost.Ghost-for-Mac";
				PRODUCT_NAME = "$(TARGET_NAME)";
				SWIFT_VERSION = 5.0;
			};
			name = Release;
		};
		EFFAD47D23F8A26E009004D0 /* Debug */ = {
			isa = XCBuildConfiguration;
			baseConfigurationReference = 3EC43943BBA84BFDA24560C5 /* Pods-Ghost for MacTests.debug.xcconfig */;
			buildSettings = {
				ALWAYS_EMBED_SWIFT_STANDARD_LIBRARIES = YES;
				BUNDLE_LOADER = "$(TEST_HOST)";
				CODE_SIGN_STYLE = Automatic;
				COMBINE_HIDPI_IMAGES = YES;
				DEVELOPMENT_TEAM = KPGYDGPJU8;
				INFOPLIST_FILE = "Ghost for MacTests/Info.plist";
				LD_RUNPATH_SEARCH_PATHS = (
					"$(inherited)",
					"@executable_path/../Frameworks",
					"@loader_path/../Frameworks",
				);
				MACOSX_DEPLOYMENT_TARGET = 10.14;
				PRODUCT_BUNDLE_IDENTIFIER = "com.ephod.ghost.Ghost-for-MacTests";
				PRODUCT_NAME = "$(TARGET_NAME)";
				SWIFT_VERSION = 5.0;
				TEST_HOST = "$(BUILT_PRODUCTS_DIR)/Ghost for Mac.app/Contents/MacOS/Ghost for Mac";
			};
			name = Debug;
		};
		EFFAD47E23F8A26E009004D0 /* Release */ = {
			isa = XCBuildConfiguration;
			baseConfigurationReference = 1B30BE18567D8B3E2FC3C772 /* Pods-Ghost for MacTests.release.xcconfig */;
			buildSettings = {
				ALWAYS_EMBED_SWIFT_STANDARD_LIBRARIES = YES;
				BUNDLE_LOADER = "$(TEST_HOST)";
				CODE_SIGN_STYLE = Automatic;
				COMBINE_HIDPI_IMAGES = YES;
				DEVELOPMENT_TEAM = KPGYDGPJU8;
				INFOPLIST_FILE = "Ghost for MacTests/Info.plist";
				LD_RUNPATH_SEARCH_PATHS = (
					"$(inherited)",
					"@executable_path/../Frameworks",
					"@loader_path/../Frameworks",
				);
				MACOSX_DEPLOYMENT_TARGET = 10.14;
				PRODUCT_BUNDLE_IDENTIFIER = "com.ephod.ghost.Ghost-for-MacTests";
				PRODUCT_NAME = "$(TARGET_NAME)";
				SWIFT_VERSION = 5.0;
				TEST_HOST = "$(BUILT_PRODUCTS_DIR)/Ghost for Mac.app/Contents/MacOS/Ghost for Mac";
			};
			name = Release;
		};
/* End XCBuildConfiguration section */

/* Begin XCConfigurationList section */
		EFFAD45623F8A26C009004D0 /* Build configuration list for PBXProject "Ghost for Mac" */ = {
			isa = XCConfigurationList;
			buildConfigurations = (
				EFFAD47723F8A26E009004D0 /* Debug */,
				EFFAD47823F8A26E009004D0 /* Release */,
			);
			defaultConfigurationIsVisible = 0;
			defaultConfigurationName = Release;
		};
		EFFAD47923F8A26E009004D0 /* Build configuration list for PBXNativeTarget "Ghost for Mac" */ = {
			isa = XCConfigurationList;
			buildConfigurations = (
				EFFAD47A23F8A26E009004D0 /* Debug */,
				EFFAD47B23F8A26E009004D0 /* Release */,
			);
			defaultConfigurationIsVisible = 0;
			defaultConfigurationName = Release;
		};
		EFFAD47C23F8A26E009004D0 /* Build configuration list for PBXNativeTarget "Ghost for MacTests" */ = {
			isa = XCConfigurationList;
			buildConfigurations = (
				EFFAD47D23F8A26E009004D0 /* Debug */,
				EFFAD47E23F8A26E009004D0 /* Release */,
			);
			defaultConfigurationIsVisible = 0;
			defaultConfigurationName = Release;
		};
/* End XCConfigurationList section */

/* Begin XCVersionGroup section */
		EFFAD46223F8A26C009004D0 /* Ghost_for_Mac.xcdatamodeld */ = {
			isa = XCVersionGroup;
			children = (
				EFFAD46323F8A26C009004D0 /* Ghost_for_Mac.xcdatamodel */,
			);
			currentVersion = EFFAD46323F8A26C009004D0 /* Ghost_for_Mac.xcdatamodel */;
			path = Ghost_for_Mac.xcdatamodeld;
			sourceTree = "<group>";
			versionGroupType = wrapper.xcdatamodel;
		};
/* End XCVersionGroup section */
	};
	rootObject = EFFAD45323F8A26C009004D0 /* Project object */;
}
